<Solution>
  <Folder Name="/src/" />
  <Folder Name="/src/Api/">
    <Project Path="src/Api/SimpleSubmit.Api.csproj" />
  </Folder>
  <Folder Name="/src/Client/">
    <Project Path="src/Client/SimpleSubmit.Client.csproj" />
  </Folder>
  <Folder Name="/src/Shared/">
    <Project Path="src/Shared/SimpleSubmit.Shared.csproj" />
  </Folder>
</Solution>
